// !$*UTF8*$!
{
	archiveVersion = 1;
	classes = {
	};
	objectVersion = 56;
	objects = {

/* Begin PBXBuildFile section */
		8610C4F62A76C7C8008400F8 /* FetchController.swift in Sources */ = {isa = PBXBuildFile; fileRef = 8610C4F52A76C7C8008400F8 /* FetchController.swift */; };
		8684894E2A7802DB004D3DAE /* ViewModel.swift in Sources */ = {isa = PBXBuildFile; fileRef = 8684894D2A7802DB004D3DAE /* ViewModel.swift */; };
		868489502A780CE1004D3DAE /* QuoteView.swift in Sources */ = {isa = PBXBuildFile; fileRef = 8684894F2A780CE1004D3DAE /* QuoteView.swift */; };
		86B6B3812A7725E3008B836C /* Constants.swift in Sources */ = {isa = PBXBuildFile; fileRef = 86B6B3802A7725E3008B836C /* Constants.swift */; };
		86D0C1F02A75B0080041ED01 /* BB_QuotesApp.swift in Sources */ = {isa = PBXBuildFile; fileRef = 86D0C1EF2A75B0080041ED01 /* BB_QuotesApp.swift */; };
		86D0C1F22A75B0080041ED01 /* ContentView.swift in Sources */ = {isa = PBXBuildFile; fileRef = 86D0C1F12A75B0080041ED01 /* ContentView.swift */; };
		86D0C1F42A75B00A0041ED01 /* Assets.xcassets in Resources */ = {isa = PBXBuildFile; fileRef = 86D0C1F32A75B00A0041ED01 /* Assets.xcassets */; };
		86D0C1F82A75B00A0041ED01 /* Preview Assets.xcassets in Resources */ = {isa = PBXBuildFile; fileRef = 86D0C1F72A75B00A0041ED01 /* Preview Assets.xcassets */; };
		86D0C1FF2A75B1B80041ED01 /* samplecharacter.json in Resources */ = {isa = PBXBuildFile; fileRef = 86D0C1FE2A75B1B70041ED01 /* samplecharacter.json */; };
		86D0C2032A75C0F20041ED01 /* Quote.swift in Sources */ = {isa = PBXBuildFile; fileRef = 86D0C2022A75C0F20041ED01 /* Quote.swift */; };
		86D0C2052A75C14B0041ED01 /* Character.swift in Sources */ = {isa = PBXBuildFile; fileRef = 86D0C2042A75C14B0041ED01 /* Character.swift */; };
/* End PBXBuildFile section */

/* Begin PBXFileReference section */
		8610C4F52A76C7C8008400F8 /* FetchController.swift */ = {isa = PBXFileReference; lastKnownFileType = sourcecode.swift; path = FetchController.swift; sourceTree = "<group>"; };
		8684894D2A7802DB004D3DAE /* ViewModel.swift */ = {isa = PBXFileReference; lastKnownFileType = sourcecode.swift; path = ViewModel.swift; sourceTree = "<group>"; };
		8684894F2A780CE1004D3DAE /* QuoteView.swift */ = {isa = PBXFileReference; lastKnownFileType = sourcecode.swift; path = QuoteView.swift; sourceTree = "<group>"; };
		86B6B3802A7725E3008B836C /* Constants.swift */ = {isa = PBXFileReference; lastKnownFileType = sourcecode.swift; path = Constants.swift; sourceTree = "<group>"; };
		86D0C1EC2A75B0080041ED01 /* BB Quotes.app */ = {isa = PBXFileReference; explicitFileType = wrapper.application; includeInIndex = 0; path = "BB Quotes.app"; sourceTree = BUILT_PRODUCTS_DIR; };
		86D0C1EF2A75B0080041ED01 /* BB_QuotesApp.swift */ = {isa = PBXFileReference; lastKnownFileType = sourcecode.swift; path = BB_QuotesApp.swift; sourceTree = "<group>"; };
		86D0C1F12A75B0080041ED01 /* ContentView.swift */ = {isa = PBXFileReference; lastKnownFileType = sourcecode.swift; path = ContentView.swift; sourceTree = "<group>"; };
		86D0C1F32A75B00A0041ED01 /* Assets.xcassets */ = {isa = PBXFileReference; lastKnownFileType = folder.assetcatalog; path = Assets.xcassets; sourceTree = "<group>"; };
		86D0C1F52A75B00A0041ED01 /* BB_Quotes.entitlements */ = {isa = PBXFileReference; lastKnownFileType = text.plist.entitlements; path = BB_Quotes.entitlements; sourceTree = "<group>"; };
		86D0C1F72A75B00A0041ED01 /* Preview Assets.xcassets */ = {isa = PBXFileReference; lastKnownFileType = folder.assetcatalog; path = "Preview Assets.xcassets"; sourceTree = "<group>"; };
		86D0C1FE2A75B1B70041ED01 /* samplecharacter.json */ = {isa = PBXFileReference; fileEncoding = 4; lastKnownFileType = text.json; path = samplecharacter.json; sourceTree = "<group>"; };
		86D0C2022A75C0F20041ED01 /* Quote.swift */ = {isa = PBXFileReference; lastKnownFileType = sourcecode.swift; path = Quote.swift; sourceTree = "<group>"; };
		86D0C2042A75C14B0041ED01 /* Character.swift */ = {isa = PBXFileReference; lastKnownFileType = sourcecode.swift; path = Character.swift; sourceTree = "<group>"; };
/* End PBXFileReference section */

/* Begin PBXFrameworksBuildPhase section */
		86D0C1E92A75B0080041ED01 /* Frameworks */ = {
			isa = PBXFrameworksBuildPhase;
			buildActionMask = 2147483647;
			files = (
			);
			runOnlyForDeploymentPostprocessing = 0;
		};
/* End PBXFrameworksBuildPhase section */

/* Begin PBXGroup section */
		86D0C1E32A75B0080041ED01 = {
			isa = PBXGroup;
			children = (
				86D0C1EE2A75B0080041ED01 /* BB Quotes */,
				86D0C1ED2A75B0080041ED01 /* Products */,
			);
			sourceTree = "<group>";
		};
		86D0C1ED2A75B0080041ED01 /* Products */ = {
			isa = PBXGroup;
			children = (
				86D0C1EC2A75B0080041ED01 /* BB Quotes.app */,
			);
			name = Products;
			sourceTree = "<group>";
		};
		86D0C1EE2A75B0080041ED01 /* BB Quotes */ = {
			isa = PBXGroup;
			children = (
				86D0C1EF2A75B0080041ED01 /* BB_QuotesApp.swift */,
				86D0C1F12A75B0080041ED01 /* ContentView.swift */,
				8684894F2A780CE1004D3DAE /* QuoteView.swift */,
				8684894D2A7802DB004D3DAE /* ViewModel.swift */,
				8610C4F52A76C7C8008400F8 /* FetchController.swift */,
				86D0C2022A75C0F20041ED01 /* Quote.swift */,
				86D0C2042A75C14B0041ED01 /* Character.swift */,
				86B6B3802A7725E3008B836C /* Constants.swift */,
				86D0C1F32A75B00A0041ED01 /* Assets.xcassets */,
				86D0C1FE2A75B1B70041ED01 /* samplecharacter.json */,
				86D0C1F52A75B00A0041ED01 /* BB_Quotes.entitlements */,
				86D0C1F62A75B00A0041ED01 /* Preview Content */,
			);
			path = "BB Quotes";
			sourceTree = "<group>";
		};
		86D0C1F62A75B00A0041ED01 /* Preview Content */ = {
			isa = PBXGroup;
			children = (
				86D0C1F72A75B00A0041ED01 /* Preview Assets.xcassets */,
			);
			path = "Preview Content";
			sourceTree = "<group>";
		};
/* End PBXGroup section */

/* Begin PBXNativeTarget section */
		86D0C1EB2A75B0080041ED01 /* BB Quotes */ = {
			isa = PBXNativeTarget;
			buildConfigurationList = 86D0C1FB2A75B00A0041ED01 /* Build configuration list for PBXNativeTarget "BB Quotes" */;
			buildPhases = (
				86D0C1E82A75B0080041ED01 /* Sources */,
				86D0C1E92A75B0080041ED01 /* Frameworks */,
				86D0C1EA2A75B0080041ED01 /* Resources */,
			);
			buildRules = (
			);
			dependencies = (
			);
			name = "BB Quotes";
			productName = "BB Quotes";
			productReference = 86D0C1EC2A75B0080041ED01 /* BB Quotes.app */;
			productType = "com.apple.product-type.application";
		};
/* End PBXNativeTarget section */

/* Begin PBXProject section */
		86D0C1E42A75B0080041ED01 /* Project object */ = {
			isa = PBXProject;
			attributes = {
				BuildIndependentTargetsInParallel = 1;
				LastSwiftUpdateCheck = 1500;
				LastUpgradeCheck = 1500;
				TargetAttributes = {
					86D0C1EB2A75B0080041ED01 = {
						CreatedOnToolsVersion = 15.0;
					};
				};
			};
			buildConfigurationList = 86D0C1E72A75B0080041ED01 /* Build configuration list for PBXProject "BB Quotes" */;
			compatibilityVersion = "Xcode 14.0";
			developmentRegion = en;
			hasScannedForEncodings = 0;
			knownRegions = (
				en,
				Base,
			);
			mainGroup = 86D0C1E32A75B0080041ED01;
			productRefGroup = 86D0C1ED2A75B0080041ED01 /* Products */;
			projectDirPath = "";
			projectRoot = "";
			targets = (
				86D0C1EB2A75B0080041ED01 /* BB Quotes */,
			);
		};
/* End PBXProject section */

/* Begin PBXResourcesBuildPhase section */
		86D0C1EA2A75B0080041ED01 /* Resources */ = {
			isa = PBXResourcesBuildPhase;
			buildActionMask = 2147483647;
			files = (
				86D0C1F82A75B00A0041ED01 /* Preview Assets.xcassets in Resources */,
				86D0C1FF2A75B1B80041ED01 /* samplecharacter.json in Resources */,
				86D0C1F42A75B00A0041ED01 /* Assets.xcassets in Resources */,
			);
			runOnlyForDeploymentPostprocessing = 0;
		};
/* End PBXResourcesBuildPhase section */

/* Begin PBXSourcesBuildPhase section */
		86D0C1E82A75B0080041ED01 /* Sources */ = {
			isa = PBXSourcesBuildPhase;
			buildActionMask = 2147483647;
			files = (
				86D0C1F22A75B0080041ED01 /* ContentView.swift in Sources */,
				86D0C2032A75C0F20041ED01 /* Quote.swift in Sources */,
				86D0C1F02A75B0080041ED01 /* BB_QuotesApp.swift in Sources */,
				868489502A780CE1004D3DAE /* QuoteView.swift in Sources */,
				8610C4F62A76C7C8008400F8 /* FetchController.swift in Sources */,
				86D0C2052A75C14B0041ED01 /* Character.swift in Sources */,
				86B6B3812A7725E3008B836C /* Constants.swift in Sources */,
				8684894E2A7802DB004D3DAE /* ViewModel.swift in Sources */,
			);
			runOnlyForDeploymentPostprocessing = 0;
		};
/* End PBXSourcesBuildPhase section */

/* Begin XCBuildConfiguration section */
		86D0C1F92A75B00A0041ED01 /* Debug */ = {
			isa = XCBuildConfiguration;
			buildSettings = {
				ALWAYS_SEARCH_USER_PATHS = NO;
				ASSETCATALOG_COMPILER_GENERATE_SWIFT_ASSET_SYMBOL_EXTENSIONS = YES;
				CLANG_ANALYZER_NONNULL = YES;
				CLANG_ANALYZER_NUMBER_OBJECT_CONVERSION = YES_AGGRESSIVE;
				CLANG_CXX_LANGUAGE_STANDARD = "gnu++20";
				CLANG_ENABLE_MODULES = YES;
				CLANG_ENABLE_OBJC_ARC = YES;
				CLANG_ENABLE_OBJC_WEAK = YES;
				CLANG_WARN_BLOCK_CAPTURE_AUTORELEASING = YES;
				CLANG_WARN_BOOL_CONVERSION = YES;
				CLANG_WARN_COMMA = YES;
				CLANG_WARN_CONSTANT_CONVERSION = YES;
				CLANG_WARN_DEPRECATED_OBJC_IMPLEMENTATIONS = YES;
				CLANG_WARN_DIRECT_OBJC_ISA_USAGE = YES_ERROR;
				CLANG_WARN_DOCUMENTATION_COMMENTS = YES;
				CLANG_WARN_EMPTY_BODY = YES;
				CLANG_WARN_ENUM_CONVERSION = YES;
				CLANG_WARN_INFINITE_RECURSION = YES;
				CLANG_WARN_INT_CONVERSION = YES;
				CLANG_WARN_NON_LITERAL_NULL_CONVERSION = YES;
				CLANG_WARN_OBJC_IMPLICIT_RETAIN_SELF = YES;
				CLANG_WARN_OBJC_LITERAL_CONVERSION = YES;
				CLANG_WARN_OBJC_ROOT_CLASS = YES_ERROR;
				CLANG_WARN_QUOTED_INCLUDE_IN_FRAMEWORK_HEADER = YES;
				CLANG_WARN_RANGE_LOOP_ANALYSIS = YES;
				CLANG_WARN_STRICT_PROTOTYPES = YES;
				CLANG_WARN_SUSPICIOUS_MOVE = YES;
				CLANG_WARN_UNGUARDED_AVAILABILITY = YES_AGGRESSIVE;
				CLANG_WARN_UNREACHABLE_CODE = YES;
				CLANG_WARN__DUPLICATE_METHOD_MATCH = YES;
				COPY_PHASE_STRIP = NO;
				DEBUG_INFORMATION_FORMAT = dwarf;
				ENABLE_STRICT_OBJC_MSGSEND = YES;
				ENABLE_TESTABILITY = YES;
				ENABLE_USER_SCRIPT_SANDBOXING = YES;
				GCC_C_LANGUAGE_STANDARD = gnu17;
				GCC_DYNAMIC_NO_PIC = NO;
				GCC_NO_COMMON_BLOCKS = YES;
				GCC_OPTIMIZATION_LEVEL = 0;
				GCC_PREPROCESSOR_DEFINITIONS = (
					"DEBUG=1",
					"$(inherited)",
				);
				GCC_WARN_64_TO_32_BIT_CONVERSION = YES;
				GCC_WARN_ABOUT_RETURN_TYPE = YES_ERROR;
				GCC_WARN_UNDECLARED_SELECTOR = YES;
				GCC_WARN_UNINITIALIZED_AUTOS = YES_AGGRESSIVE;
				GCC_WARN_UNUSED_FUNCTION = YES;
				GCC_WARN_UNUSED_VARIABLE = YES;
				LOCALIZATION_PREFERS_STRING_CATALOGS = YES;
				MTL_ENABLE_DEBUG_INFO = INCLUDE_SOURCE;
				MTL_FAST_MATH = YES;
				ONLY_ACTIVE_ARCH = YES;
				SWIFT_ACTIVE_COMPILATION_CONDITIONS = "DEBUG $(inherited)";
				SWIFT_OPTIMIZATION_LEVEL = "-Onone";
			};
			name = Debug;
		};
		86D0C1FA2A75B00A0041ED01 /* Release */ = {
			isa = XCBuildConfiguration;
			buildSettings = {
				ALWAYS_SEARCH_USER_PATHS = NO;
				ASSETCATALOG_COMPILER_GENERATE_SWIFT_ASSET_SYMBOL_EXTENSIONS = YES;
				CLANG_ANALYZER_NONNULL = YES;
				CLANG_ANALYZER_NUMBER_OBJECT_CONVERSION = YES_AGGRESSIVE;
				CLANG_CXX_LANGUAGE_STANDARD = "gnu++20";
				CLANG_ENABLE_MODULES = YES;
				CLANG_ENABLE_OBJC_ARC = YES;
				CLANG_ENABLE_OBJC_WEAK = YES;
				CLANG_WARN_BLOCK_CAPTURE_AUTORELEASING = YES;
				CLANG_WARN_BOOL_CONVERSION = YES;
				CLANG_WARN_COMMA = YES;
				CLANG_WARN_CONSTANT_CONVERSION = YES;
				CLANG_WARN_DEPRECATED_OBJC_IMPLEMENTATIONS = YES;
				CLANG_WARN_DIRECT_OBJC_ISA_USAGE = YES_ERROR;
				CLANG_WARN_DOCUMENTATION_COMMENTS = YES;
				CLANG_WARN_EMPTY_BODY = YES;
				CLANG_WARN_ENUM_CONVERSION = YES;
				CLANG_WARN_INFINITE_RECURSION = YES;
				CLANG_WARN_INT_CONVERSION = YES;
				CLANG_WARN_NON_LITERAL_NULL_CONVERSION = YES;
				CLANG_WARN_OBJC_IMPLICIT_RETAIN_SELF = YES;
				CLANG_WARN_OBJC_LITERAL_CONVERSION = YES;
				CLANG_WARN_OBJC_ROOT_CLASS = YES_ERROR;
				CLANG_WARN_QUOTED_INCLUDE_IN_FRAMEWORK_HEADER = YES;
				CLANG_WARN_RANGE_LOOP_ANALYSIS = YES;
				CLANG_WARN_STRICT_PROTOTYPES = YES;
				CLANG_WARN_SUSPICIOUS_MOVE = YES;
				CLANG_WARN_UNGUARDED_AVAILABILITY = YES_AGGRESSIVE;
				CLANG_WARN_UNREACHABLE_CODE = YES;
				CLANG_WARN__DUPLICATE_METHOD_MATCH = YES;
				COPY_PHASE_STRIP = NO;
				DEBUG_INFORMATION_FORMAT = "dwarf-with-dsym";
				ENABLE_NS_ASSERTIONS = NO;
				ENABLE_STRICT_OBJC_MSGSEND = YES;
				ENABLE_USER_SCRIPT_SANDBOXING = YES;
				GCC_C_LANGUAGE_STANDARD = gnu17;
				GCC_NO_COMMON_BLOCKS = YES;
				GCC_WARN_64_TO_32_BIT_CONVERSION = YES;
				GCC_WARN_ABOUT_RETURN_TYPE = YES_ERROR;
				GCC_WARN_UNDECLARED_SELECTOR = YES;
				GCC_WARN_UNINITIALIZED_AUTOS = YES_AGGRESSIVE;
				GCC_WARN_UNUSED_FUNCTION = YES;
				GCC_WARN_UNUSED_VARIABLE = YES;
				LOCALIZATION_PREFERS_STRING_CATALOGS = YES;
				MTL_ENABLE_DEBUG_INFO = NO;
				MTL_FAST_MATH = YES;
				SWIFT_COMPILATION_MODE = wholemodule;
			};
			name = Release;
		};
		86D0C1FC2A75B00A0041ED01 /* Debug */ = {
			isa = XCBuildConfiguration;
			buildSettings = {
				ASSETCATALOG_COMPILER_APPICON_NAME = AppIcon;
				ASSETCATALOG_COMPILER_GLOBAL_ACCENT_COLOR_NAME = AccentColor;
				CODE_SIGN_ENTITLEMENTS = "BB Quotes/BB_Quotes.entitlements";
				CODE_SIGN_STYLE = Automatic;
				CURRENT_PROJECT_VERSION = 1;
				DEVELOPMENT_ASSET_PATHS = "\"BB Quotes/Preview Content\"";
				DEVELOPMENT_TEAM = YHSJZK2MNG;
				ENABLE_HARDENED_RUNTIME = YES;
				ENABLE_PREVIEWS = YES;
				GENERATE_INFOPLIST_FILE = YES;
				"INFOPLIST_KEY_UIApplicationSceneManifest_Generation[sdk=iphoneos*]" = YES;
				"INFOPLIST_KEY_UIApplicationSceneManifest_Generation[sdk=iphonesimulator*]" = YES;
				"INFOPLIST_KEY_UIApplicationSupportsIndirectInputEvents[sdk=iphoneos*]" = YES;
				"INFOPLIST_KEY_UIApplicationSupportsIndirectInputEvents[sdk=iphonesimulator*]" = YES;
				"INFOPLIST_KEY_UILaunchScreen_Generation[sdk=iphoneos*]" = YES;
				"INFOPLIST_KEY_UILaunchScreen_Generation[sdk=iphonesimulator*]" = YES;
				"INFOPLIST_KEY_UIStatusBarStyle[sdk=iphoneos*]" = UIStatusBarStyleDefault;
				"INFOPLIST_KEY_UIStatusBarStyle[sdk=iphonesimulator*]" = UIStatusBarStyleDefault;
				INFOPLIST_KEY_UISupportedInterfaceOrientations_iPad = "UIInterfaceOrientationPortrait UIInterfaceOrientationPortraitUpsideDown UIInterfaceOrientationLandscapeLeft UIInterfaceOrientationLandscapeRight";
				INFOPLIST_KEY_UISupportedInterfaceOrientations_iPhone = "UIInterfaceOrientationPortrait UIInterfaceOrientationLandscapeLeft UIInterfaceOrientationLandscapeRight";
				IPHONEOS_DEPLOYMENT_TARGET = 17.0;
				LD_RUNPATH_SEARCH_PATHS = "@executable_path/Frameworks";
				"LD_RUNPATH_SEARCH_PATHS[sdk=macosx*]" = "@executable_path/../Frameworks";
				MACOSX_DEPLOYMENT_TARGET = 13.4;
				MARKETING_VERSION = 1.0;
				PRODUCT_BUNDLE_IDENTIFIER = "com.marccruz.BB-Quotes";
				PRODUCT_NAME = "$(TARGET_NAME)";
				SDKROOT = auto;
				SUPPORTED_PLATFORMS = "iphoneos iphonesimulator macosx";
				SWIFT_EMIT_LOC_STRINGS = YES;
				SWIFT_VERSION = 5.0;
				TARGETED_DEVICE_FAMILY = "1,2";
			};
			name = Debug;
		};
		86D0C1FD2A75B00A0041ED01 /* Release */ = {
			isa = XCBuildConfiguration;
			buildSettings = {
				ASSETCATALOG_COMPILER_APPICON_NAME = AppIcon;
				ASSETCATALOG_COMPILER_GLOBAL_ACCENT_COLOR_NAME = AccentColor;
				CODE_SIGN_ENTITLEMENTS = "BB Quotes/BB_Quotes.entitlements";
				CODE_SIGN_STYLE = Automatic;
				CURRENT_PROJECT_VERSION = 1;
				DEVELOPMENT_ASSET_PATHS = "\"BB Quotes/Preview Content\"";
				DEVELOPMENT_TEAM = YHSJZK2MNG;
				ENABLE_HARDENED_RUNTIME = YES;
				ENABLE_PREVIEWS = YES;
				GENERATE_INFOPLIST_FILE = YES;
				"INFOPLIST_KEY_UIApplicationSceneManifest_Generation[sdk=iphoneos*]" = YES;
				"INFOPLIST_KEY_UIApplicationSceneManifest_Generation[sdk=iphonesimulator*]" = YES;
				"INFOPLIST_KEY_UIApplicationSupportsIndirectInputEvents[sdk=iphoneos*]" = YES;
				"INFOPLIST_KEY_UIApplicationSupportsIndirectInputEvents[sdk=iphonesimulator*]" = YES;
				"INFOPLIST_KEY_UILaunchScreen_Generation[sdk=iphoneos*]" = YES;
				"INFOPLIST_KEY_UILaunchScreen_Generation[sdk=iphonesimulator*]" = YES;
				"INFOPLIST_KEY_UIStatusBarStyle[sdk=iphoneos*]" = UIStatusBarStyleDefault;
				"INFOPLIST_KEY_UIStatusBarStyle[sdk=iphonesimulator*]" = UIStatusBarStyleDefault;
				INFOPLIST_KEY_UISupportedInterfaceOrientations_iPad = "UIInterfaceOrientationPortrait UIInterfaceOrientationPortraitUpsideDown UIInterfaceOrientationLandscapeLeft UIInterfaceOrientationLandscapeRight";
				INFOPLIST_KEY_UISupportedInterfaceOrientations_iPhone = "UIInterfaceOrientationPortrait UIInterfaceOrientationLandscapeLeft UIInterfaceOrientationLandscapeRight";
				IPHONEOS_DEPLOYMENT_TARGET = 17.0;
				LD_RUNPATH_SEARCH_PATHS = "@executable_path/Frameworks";
				"LD_RUNPATH_SEARCH_PATHS[sdk=macosx*]" = "@executable_path/../Frameworks";
				MACOSX_DEPLOYMENT_TARGET = 13.4;
				MARKETING_VERSION = 1.0;
				PRODUCT_BUNDLE_IDENTIFIER = "com.marccruz.BB-Quotes";
				PRODUCT_NAME = "$(TARGET_NAME)";
				SDKROOT = auto;
				SUPPORTED_PLATFORMS = "iphoneos iphonesimulator macosx";
				SWIFT_EMIT_LOC_STRINGS = YES;
				SWIFT_VERSION = 5.0;
				TARGETED_DEVICE_FAMILY = "1,2";
			};
			name = Release;
		};
/* End XCBuildConfiguration section */

/* Begin XCConfigurationList section */
		86D0C1E72A75B0080041ED01 /* Build configuration list for PBXProject "BB Quotes" */ = {
			isa = XCConfigurationList;
			buildConfigurations = (
				86D0C1F92A75B00A0041ED01 /* Debug */,
				86D0C1FA2A75B00A0041ED01 /* Release */,
			);
			defaultConfigurationIsVisible = 0;
			defaultConfigurationName = Release;
		};
		86D0C1FB2A75B00A0041ED01 /* Build configuration list for PBXNativeTarget "BB Quotes" */ = {
			isa = XCConfigurationList;
			buildConfigurations = (
				86D0C1FC2A75B00A0041ED01 /* Debug */,
				86D0C1FD2A75B00A0041ED01 /* Release */,
			);
			defaultConfigurationIsVisible = 0;
			defaultConfigurationName = Release;
		};
/* End XCConfigurationList section */
	};
	rootObject = 86D0C1E42A75B0080041ED01 /* Project object */;
}
